
Microsoft Visual Studio Solution File, Format Version 12.00
# Visual Studio Version 16
VisualStudioVersion = 16.0.30804.86
MinimumVisualStudioVersion = 10.0.40219.1
Project("{FAE04EC0-301F-11D3-BF4B-00C04F79EFBC}") = "WebAppilcation1", "WebAppilcation1.csproj", "{CF61E0F3-4C1B-42D7-9000-84523129E8FF}"
EndProject
Project("{FAE04EC0-301F-11D3-BF4B-00C04F79EFBC}") = "Users", "..\..\..\Desktop\New folder\Users\Users.csproj", "{7404DC8A-65B3-4F06-962F-412DE105D3BD}"
EndProject
Global
	GlobalSection(SolutionConfigurationPlatforms) = preSolution
		Debug|Any CPU = Debug|Any CPU
		Release|Any CPU = Release|Any CPU
	EndGlobalSection
	GlobalSection(ProjectConfigurationPlatforms) = postSolution
		{CF61E0F3-4C1B-42D7-9000-84523129E8FF}.Debug|Any CPU.ActiveCfg = Debug|Any CPU
		{CF61E0F3-4C1B-42D7-9000-84523129E8FF}.Debug|Any CPU.Build.0 = Debug|Any CPU
		{CF61E0F3-4C1B-42D7-9000-84523129E8FF}.Release|Any CPU.ActiveCfg = Release|Any CPU
		{CF61E0F3-4C1B-42D7-9000-84523129E8FF}.Release|Any CPU.Build.0 = Release|Any CPU
		{7404DC8A-65B3-4F06-962F-412DE105D3BD}.Debug|Any CPU.ActiveCfg = Debug|Any CPU
		{7404DC8A-65B3-4F06-962F-412DE105D3BD}.Debug|Any CPU.Build.0 = Debug|Any CPU
		{7404DC8A-65B3-4F06-962F-412DE105D3BD}.Release|Any CPU.ActiveCfg = Release|Any CPU
		{7404DC8A-65B3-4F06-962F-412DE105D3BD}.Release|Any CPU.Build.0 = Release|Any CPU
	EndGlobalSection
	GlobalSection(SolutionProperties) = preSolution
		HideSolutionNode = FALSE
	EndGlobalSection
	GlobalSection(ExtensibilityGlobals) = postSolution
		SolutionGuid = {BC43C271-3645-42B2-952E-F19C638C9C2E}
	EndGlobalSection
EndGlobal
